
Microsoft Visual Studio Solution File, Format Version 12.00
# Visual Studio Version 16
VisualStudioVersion = 16.0.32901.82
MinimumVisualStudioVersion = 10.0.40219.1
Project("{FAE04EC0-301F-11D3-BF4B-00C04F79EFBC}") = "lab1", "lab1\lab1.csproj", "{6B7F98B6-5804-4BA8-AD4F-F2A274EA4060}"
EndProject
Global
	GlobalSection(SolutionConfigurationPlatforms) = preSolution
		Debug|Any CPU = Debug|Any CPU
		Release|Any CPU = Release|Any CPU
	EndGlobalSection
	GlobalSection(ProjectConfigurationPlatforms) = postSolution
		{6B7F98B6-5804-4BA8-AD4F-F2A274EA4060}.Debug|Any CPU.ActiveCfg = Debug|Any CPU
		{6B7F98B6-5804-4BA8-AD4F-F2A274EA4060}.Debug|Any CPU.Build.0 = Debug|Any CPU
		{6B7F98B6-5804-4BA8-AD4F-F2A274EA4060}.Release|Any CPU.ActiveCfg = Release|Any CPU
		{6B7F98B6-5804-4BA8-AD4F-F2A274EA4060}.Release|Any CPU.Build.0 = Release|Any CPU
	EndGlobalSection
	GlobalSection(SolutionProperties) = preSolution
		HideSolutionNode = FALSE
	EndGlobalSection
	GlobalSection(ExtensibilityGlobals) = postSolution
		SolutionGuid = {3262B38B-5512-4069-82D5-92CBD3DE254B}
	EndGlobalSection
EndGlobal
